
Microsoft Visual Studio Solution File, Format Version 12.00
# Visual Studio Version 17
VisualStudioVersion = 17.8.34316.72
MinimumVisualStudioVersion = 10.0.40219.1
Project("{FAE04EC0-301F-11D3-BF4B-00C04F79EFBC}") = "Thợ Thầy", "Thợ Thầy.csproj", "{F4D39A36-A8D8-4F82-9B92-2D2186EF2013}"
EndProject
Global
	GlobalSection(SolutionConfigurationPlatforms) = preSolution
		Debug|Any CPU = Debug|Any CPU
		Release|Any CPU = Release|Any CPU
	EndGlobalSection
	GlobalSection(ProjectConfigurationPlatforms) = postSolution
		{F4D39A36-A8D8-4F82-9B92-2D2186EF2013}.Debug|Any CPU.ActiveCfg = Debug|Any CPU
		{F4D39A36-A8D8-4F82-9B92-2D2186EF2013}.Debug|Any CPU.Build.0 = Debug|Any CPU
		{F4D39A36-A8D8-4F82-9B92-2D2186EF2013}.Release|Any CPU.ActiveCfg = Release|Any CPU
		{F4D39A36-A8D8-4F82-9B92-2D2186EF2013}.Release|Any CPU.Build.0 = Release|Any CPU
	EndGlobalSection
	GlobalSection(SolutionProperties) = preSolution
		HideSolutionNode = FALSE
	EndGlobalSection
	GlobalSection(ExtensibilityGlobals) = postSolution
		SolutionGuid = {9A3C6A42-1854-43EE-A542-4A5A84F4F14C}
	EndGlobalSection
EndGlobal
